
Microsoft Visual Studio Solution File, Format Version 12.00
# Visual Studio 15
VisualStudioVersion = 15.0.27703.2000
MinimumVisualStudioVersion = 10.0.40219.1
Project("{FAE04EC0-301F-11D3-BF4B-00C04F79EFBC}") = "RazorSyntax", "RazorSyntax\RazorSyntax.csproj", "{2F6CA5A7-8014-41EA-A59E-55C3A72B8388}"
EndProject
Project("{FAE04EC0-301F-11D3-BF4B-00C04F79EFBC}") = "MVCStart", "MVCStart\MVCStart.csproj", "{D5E4AFF4-DE6E-4842-8287-86664505ABC4}"
EndProject
Project("{FAE04EC0-301F-11D3-BF4B-00C04F79EFBC}") = "MVC_EF", "MVC_EF\MVC_EF.csproj", "{08AC791C-EE65-4B0B-8C53-65A9251F2B1B}"
EndProject
Global
	GlobalSection(SolutionConfigurationPlatforms) = preSolution
		Debug|Any CPU = Debug|Any CPU
		Release|Any CPU = Release|Any CPU
	EndGlobalSection
	GlobalSection(ProjectConfigurationPlatforms) = postSolution
		{2F6CA5A7-8014-41EA-A59E-55C3A72B8388}.Debug|Any CPU.ActiveCfg = Debug|Any CPU
		{2F6CA5A7-8014-41EA-A59E-55C3A72B8388}.Debug|Any CPU.Build.0 = Debug|Any CPU
		{2F6CA5A7-8014-41EA-A59E-55C3A72B8388}.Release|Any CPU.ActiveCfg = Release|Any CPU
		{2F6CA5A7-8014-41EA-A59E-55C3A72B8388}.Release|Any CPU.Build.0 = Release|Any CPU
		{D5E4AFF4-DE6E-4842-8287-86664505ABC4}.Debug|Any CPU.ActiveCfg = Debug|Any CPU
		{D5E4AFF4-DE6E-4842-8287-86664505ABC4}.Debug|Any CPU.Build.0 = Debug|Any CPU
		{D5E4AFF4-DE6E-4842-8287-86664505ABC4}.Release|Any CPU.ActiveCfg = Release|Any CPU
		{D5E4AFF4-DE6E-4842-8287-86664505ABC4}.Release|Any CPU.Build.0 = Release|Any CPU
		{08AC791C-EE65-4B0B-8C53-65A9251F2B1B}.Debug|Any CPU.ActiveCfg = Debug|Any CPU
		{08AC791C-EE65-4B0B-8C53-65A9251F2B1B}.Debug|Any CPU.Build.0 = Debug|Any CPU
		{08AC791C-EE65-4B0B-8C53-65A9251F2B1B}.Release|Any CPU.ActiveCfg = Release|Any CPU
		{08AC791C-EE65-4B0B-8C53-65A9251F2B1B}.Release|Any CPU.Build.0 = Release|Any CPU
	EndGlobalSection
	GlobalSection(SolutionProperties) = preSolution
		HideSolutionNode = FALSE
	EndGlobalSection
	GlobalSection(ExtensibilityGlobals) = postSolution
		SolutionGuid = {36FD45B9-1F1E-4B56-910F-EF15552DBC01}
	EndGlobalSection
EndGlobal
